
Microsoft Visual Studio Solution File, Format Version 12.00
# Visual Studio Version 17
VisualStudioVersion = 17.5.33502.453
MinimumVisualStudioVersion = 10.0.40219.1
Project("{FAE04EC0-301F-11D3-BF4B-00C04F79EFBC}") = "Conversion_Project_CSharpe", "Conversion_Project_CSharpe\Conversion_Project_CSharpe.csproj", "{A23624ED-8EE6-40F4-AED7-4C601DB3F99B}"
EndProject
Global
	GlobalSection(SolutionConfigurationPlatforms) = preSolution
		Debug|Any CPU = Debug|Any CPU
		Release|Any CPU = Release|Any CPU
	EndGlobalSection
	GlobalSection(ProjectConfigurationPlatforms) = postSolution
		{A23624ED-8EE6-40F4-AED7-4C601DB3F99B}.Debug|Any CPU.ActiveCfg = Debug|Any CPU
		{A23624ED-8EE6-40F4-AED7-4C601DB3F99B}.Debug|Any CPU.Build.0 = Debug|Any CPU
		{A23624ED-8EE6-40F4-AED7-4C601DB3F99B}.Release|Any CPU.ActiveCfg = Release|Any CPU
		{A23624ED-8EE6-40F4-AED7-4C601DB3F99B}.Release|Any CPU.Build.0 = Release|Any CPU
	EndGlobalSection
	GlobalSection(SolutionProperties) = preSolution
		HideSolutionNode = FALSE
	EndGlobalSection
	GlobalSection(ExtensibilityGlobals) = postSolution
		SolutionGuid = {D451FA40-76FB-4EDB-B7E6-FE0AB9860820}
	EndGlobalSection
EndGlobal
